
Microsoft Visual Studio Solution File, Format Version 12.00
# Visual Studio Version 16
VisualStudioVersion = 16.0.808.6
MinimumVisualStudioVersion = 10.0.40219.1
Project("{FAE04EC0-301F-11D3-BF4B-00C04F79EFBC}") = "CatFood", "CatFood\CatFood.csproj", "{47576F11-69F5-4068-8BDE-8CAFBAADBB82}"
EndProject
Project("{FAE04EC0-301F-11D3-BF4B-00C04F79EFBC}") = "CatFood.Test", "CatFood.Test\CatFood.Test.csproj", "{04CB9560-4A1E-42F1-AE64-3A4AD32E25AB}"
EndProject
Global
	GlobalSection(SolutionConfigurationPlatforms) = preSolution
		Debug|Any CPU = Debug|Any CPU
		Release|Any CPU = Release|Any CPU
	EndGlobalSection
	GlobalSection(ProjectConfigurationPlatforms) = postSolution
		{47576F11-69F5-4068-8BDE-8CAFBAADBB82}.Debug|Any CPU.ActiveCfg = Debug|Any CPU
		{47576F11-69F5-4068-8BDE-8CAFBAADBB82}.Debug|Any CPU.Build.0 = Debug|Any CPU
		{47576F11-69F5-4068-8BDE-8CAFBAADBB82}.Release|Any CPU.ActiveCfg = Release|Any CPU
		{47576F11-69F5-4068-8BDE-8CAFBAADBB82}.Release|Any CPU.Build.0 = Release|Any CPU
		{04CB9560-4A1E-42F1-AE64-3A4AD32E25AB}.Debug|Any CPU.ActiveCfg = Debug|Any CPU
		{04CB9560-4A1E-42F1-AE64-3A4AD32E25AB}.Debug|Any CPU.Build.0 = Debug|Any CPU
		{04CB9560-4A1E-42F1-AE64-3A4AD32E25AB}.Release|Any CPU.ActiveCfg = Release|Any CPU
		{04CB9560-4A1E-42F1-AE64-3A4AD32E25AB}.Release|Any CPU.Build.0 = Release|Any CPU
	EndGlobalSection
	GlobalSection(SolutionProperties) = preSolution
		HideSolutionNode = FALSE
	EndGlobalSection
	GlobalSection(ExtensibilityGlobals) = postSolution
		SolutionGuid = {0133A5B1-7A21-4F9E-AFAD-7241B9232414}
	EndGlobalSection
EndGlobal
